
Microsoft Visual Studio Solution File, Format Version 12.00
# Visual Studio Version 17
VisualStudioVersion = 17.0.32112.339
MinimumVisualStudioVersion = 10.0.40219.1
Project("{FAE04EC0-301F-11D3-BF4B-00C04F79EFBC}") = "myRSA", "myRSA.csproj", "{082E9B40-8D6F-45AB-894E-8AA1C2F46176}"
EndProject
Global
	GlobalSection(SolutionConfigurationPlatforms) = preSolution
		Debug|Any CPU = Debug|Any CPU
		Release|Any CPU = Release|Any CPU
	EndGlobalSection
	GlobalSection(ProjectConfigurationPlatforms) = postSolution
		{082E9B40-8D6F-45AB-894E-8AA1C2F46176}.Debug|Any CPU.ActiveCfg = Debug|Any CPU
		{082E9B40-8D6F-45AB-894E-8AA1C2F46176}.Debug|Any CPU.Build.0 = Debug|Any CPU
		{082E9B40-8D6F-45AB-894E-8AA1C2F46176}.Release|Any CPU.ActiveCfg = Release|Any CPU
		{082E9B40-8D6F-45AB-894E-8AA1C2F46176}.Release|Any CPU.Build.0 = Release|Any CPU
	EndGlobalSection
	GlobalSection(SolutionProperties) = preSolution
		HideSolutionNode = FALSE
	EndGlobalSection
	GlobalSection(ExtensibilityGlobals) = postSolution
		SolutionGuid = {40926D10-4A44-498A-BFC5-342DC7A464C2}
	EndGlobalSection
EndGlobal
